
Microsoft Visual Studio Solution File, Format Version 12.00
# Visual Studio 2013
VisualStudioVersion = 12.0.30723.0
MinimumVisualStudioVersion = 10.0.40219.1
Project("{FAE04EC0-301F-11D3-BF4B-00C04F79EFBC}") = "Dolstagis.Utilities", "Dolstagis.Utilities\Dolstagis.Utilities.csproj", "{FA64712D-4439-45C9-8DBF-9892439C7653}"
EndProject
Project("{FAE04EC0-301F-11D3-BF4B-00C04F79EFBC}") = "Dolstagis.Utilities.Tests", "Dolstagis.Utilities.Tests\Dolstagis.Utilities.Tests.csproj", "{30ED9317-2DA2-464C-87CA-E4E575A97D2F}"
EndProject
Global
	GlobalSection(SolutionConfigurationPlatforms) = preSolution
		Debug|Any CPU = Debug|Any CPU
		Release|Any CPU = Release|Any CPU
	EndGlobalSection
	GlobalSection(ProjectConfigurationPlatforms) = postSolution
		{FA64712D-4439-45C9-8DBF-9892439C7653}.Debug|Any CPU.ActiveCfg = Debug|Any CPU
		{FA64712D-4439-45C9-8DBF-9892439C7653}.Debug|Any CPU.Build.0 = Debug|Any CPU
		{FA64712D-4439-45C9-8DBF-9892439C7653}.Release|Any CPU.ActiveCfg = Release|Any CPU
		{FA64712D-4439-45C9-8DBF-9892439C7653}.Release|Any CPU.Build.0 = Release|Any CPU
		{30ED9317-2DA2-464C-87CA-E4E575A97D2F}.Debug|Any CPU.ActiveCfg = Debug|Any CPU
		{30ED9317-2DA2-464C-87CA-E4E575A97D2F}.Debug|Any CPU.Build.0 = Debug|Any CPU
		{30ED9317-2DA2-464C-87CA-E4E575A97D2F}.Release|Any CPU.ActiveCfg = Release|Any CPU
		{30ED9317-2DA2-464C-87CA-E4E575A97D2F}.Release|Any CPU.Build.0 = Release|Any CPU
	EndGlobalSection
	GlobalSection(SolutionProperties) = preSolution
		HideSolutionNode = FALSE
	EndGlobalSection
EndGlobal
